
Microsoft Visual Studio Solution File, Format Version 12.00
# Visual Studio Version 16
VisualStudioVersion = 16.0.33927.289
MinimumVisualStudioVersion = 10.0.40219.1
Project("{2150E333-8FDC-42A3-9474-1A3956D46DE8}") = "Task0", "Task0", "{028729BF-50AA-4472-8692-58AFC1035F0C}"
EndProject
Project("{FAE04EC0-301F-11D3-BF4B-00C04F79EFBC}") = "Tyuiu.BrukhovAA.Sprint6.Task0.V9", "Tyuiu.BrukhovAA.Sprint6.Task0.V9\Tyuiu.BrukhovAA.Sprint6.Task0.V9.csproj", "{85667FBF-415C-4119-9576-DC7D2672E06B}"
EndProject
Project("{FAE04EC0-301F-11D3-BF4B-00C04F79EFBC}") = "Tyuiu.BrukhovAA.Sprint6.Task0.V9.Lib", "Tyuiu.BrukhovAA.Sprint6.Task0.V9.Lib\Tyuiu.BrukhovAA.Sprint6.Task0.V9.Lib.csproj", "{53B0697C-E163-42A2-A035-9BA7FACE58C0}"
EndProject
Project("{FAE04EC0-301F-11D3-BF4B-00C04F79EFBC}") = "Tyuiu.BrukhovAA.Sprint6.Task0.V9.Test", "Tyuiu.BrukhovAA.Sprint6.Task0.V9.Test\Tyuiu.BrukhovAA.Sprint6.Task0.V9.Test.csproj", "{910AAFD9-6BAE-47A6-BA38-C7C551FDA2DB}"
EndProject
Global
	GlobalSection(SolutionConfigurationPlatforms) = preSolution
		Debug|Any CPU = Debug|Any CPU
		Release|Any CPU = Release|Any CPU
	EndGlobalSection
	GlobalSection(ProjectConfigurationPlatforms) = postSolution
		{85667FBF-415C-4119-9576-DC7D2672E06B}.Debug|Any CPU.ActiveCfg = Debug|Any CPU
		{85667FBF-415C-4119-9576-DC7D2672E06B}.Debug|Any CPU.Build.0 = Debug|Any CPU
		{85667FBF-415C-4119-9576-DC7D2672E06B}.Release|Any CPU.ActiveCfg = Release|Any CPU
		{85667FBF-415C-4119-9576-DC7D2672E06B}.Release|Any CPU.Build.0 = Release|Any CPU
		{53B0697C-E163-42A2-A035-9BA7FACE58C0}.Debug|Any CPU.ActiveCfg = Debug|Any CPU
		{53B0697C-E163-42A2-A035-9BA7FACE58C0}.Debug|Any CPU.Build.0 = Debug|Any CPU
		{53B0697C-E163-42A2-A035-9BA7FACE58C0}.Release|Any CPU.ActiveCfg = Release|Any CPU
		{53B0697C-E163-42A2-A035-9BA7FACE58C0}.Release|Any CPU.Build.0 = Release|Any CPU
		{910AAFD9-6BAE-47A6-BA38-C7C551FDA2DB}.Debug|Any CPU.ActiveCfg = Debug|Any CPU
		{910AAFD9-6BAE-47A6-BA38-C7C551FDA2DB}.Debug|Any CPU.Build.0 = Debug|Any CPU
		{910AAFD9-6BAE-47A6-BA38-C7C551FDA2DB}.Release|Any CPU.ActiveCfg = Release|Any CPU
		{910AAFD9-6BAE-47A6-BA38-C7C551FDA2DB}.Release|Any CPU.Build.0 = Release|Any CPU
	EndGlobalSection
	GlobalSection(SolutionProperties) = preSolution
		HideSolutionNode = FALSE
	EndGlobalSection
	GlobalSection(NestedProjects) = preSolution
		{85667FBF-415C-4119-9576-DC7D2672E06B} = {028729BF-50AA-4472-8692-58AFC1035F0C}
		{53B0697C-E163-42A2-A035-9BA7FACE58C0} = {028729BF-50AA-4472-8692-58AFC1035F0C}
		{910AAFD9-6BAE-47A6-BA38-C7C551FDA2DB} = {028729BF-50AA-4472-8692-58AFC1035F0C}
	EndGlobalSection
	GlobalSection(ExtensibilityGlobals) = postSolution
		SolutionGuid = {BE9AB727-8D07-447A-AAD4-32863E476099}
	EndGlobalSection
EndGlobal
