
Microsoft Visual Studio Solution File, Format Version 12.00
# Visual Studio Version 16
VisualStudioVersion = 16.0.33927.289
MinimumVisualStudioVersion = 10.0.40219.1
Project("{2150E333-8FDC-42A3-9474-1A3956D46DE8}") = "Task0", "Task0", "{028729BF-50AA-4472-8692-58AFC1035F0C}"
EndProject
Project("{FAE04EC0-301F-11D3-BF4B-00C04F79EFBC}") = "Tyuiu.BrukhovAA.Sprint6.Task0.V9", "Tyuiu.BrukhovAA.Sprint6.Task0.V9\Tyuiu.BrukhovAA.Sprint6.Task0.V9.csproj", "{85667FBF-415C-4119-9576-DC7D2672E06B}"
EndProject
Project("{FAE04EC0-301F-11D3-BF4B-00C04F79EFBC}") = "Tyuiu.BrukhovAA.Sprint6.Task0.V9.Lib", "Tyuiu.BrukhovAA.Sprint6.Task0.V9.Lib\Tyuiu.BrukhovAA.Sprint6.Task0.V9.Lib.csproj", "{53B0697C-E163-42A2-A035-9BA7FACE58C0}"
EndProject
Project("{FAE04EC0-301F-11D3-BF4B-00C04F79EFBC}") = "Tyuiu.BrukhovAA.Sprint6.Task0.V9.Test", "Tyuiu.BrukhovAA.Sprint6.Task0.V9.Test\Tyuiu.BrukhovAA.Sprint6.Task0.V9.Test.csproj", "{910AAFD9-6BAE-47A6-BA38-C7C551FDA2DB}"
EndProject
Project("{2150E333-8FDC-42A3-9474-1A3956D46DE8}") = "Task1", "Task1", "{0192A671-E349-4208-B4C7-134800FD8FD2}"
EndProject
Project("{FAE04EC0-301F-11D3-BF4B-00C04F79EFBC}") = "Tyuiu.BrukhovAA.Sprint6.Task1.V11.Lib", "Tyuiu.BrukhovAA.Sprint6.Task1.V11.Lib\Tyuiu.BrukhovAA.Sprint6.Task1.V11.Lib.csproj", "{E276F20E-5B97-4E55-96D5-F8DF816F5C4A}"
EndProject
Project("{FAE04EC0-301F-11D3-BF4B-00C04F79EFBC}") = "Tyuiu.BrukhovAA.Sprint6.Task1.V11.Test", "Tyuiu.BrukhovAA.Sprint6.Task1.V11.Test\Tyuiu.BrukhovAA.Sprint6.Task1.V11.Test.csproj", "{440D93D7-06B5-4AE2-A2C0-B3DEC008D8C3}"
EndProject
Project("{FAE04EC0-301F-11D3-BF4B-00C04F79EFBC}") = "Tyuiu.BrukhovAA.Sprint6.Task1.V11", "Tyuiu.BrukhovAA.Sprint6.Task1.V11\Tyuiu.BrukhovAA.Sprint6.Task1.V11.csproj", "{412A3D7D-B49D-474D-B439-121ABBCCC5A1}"
EndProject
Project("{2150E333-8FDC-42A3-9474-1A3956D46DE8}") = "Task2", "Task2", "{84D3BE7E-E103-447E-8B13-95A5D8C54110}"
EndProject
Project("{FAE04EC0-301F-11D3-BF4B-00C04F79EFBC}") = "Tyuiu.BrukhovAA.Sprint6.Task2.V6", "Tyuiu.BrukhovAA.Sprint6.Task2.V6\Tyuiu.BrukhovAA.Sprint6.Task2.V6.csproj", "{908F26C6-39A9-4BFC-A76C-E04BE9CC5DD3}"
EndProject
Project("{FAE04EC0-301F-11D3-BF4B-00C04F79EFBC}") = "Tyuiu.BrukhovAA.Sprint6.Task2.V6.Lib", "Tyuiu.BrukhovAA.Sprint6.Task2.V6.Lib\Tyuiu.BrukhovAA.Sprint6.Task2.V6.Lib.csproj", "{F5A120CF-954C-494C-B074-3F73AAA90F39}"
EndProject
Project("{FAE04EC0-301F-11D3-BF4B-00C04F79EFBC}") = "Tyuiu.BrukhovAA.Sprint6.Task2.V6.Test", "Tyuiu.BrukhovAA.Sprint6.Task2.V6.Test\Tyuiu.BrukhovAA.Sprint6.Task2.V6.Test.csproj", "{154272E2-B6D9-4673-AC82-EEB69B8DC280}"
EndProject
Project("{2150E333-8FDC-42A3-9474-1A3956D46DE8}") = "Task3", "Task3", "{AA496510-ABD1-400D-80DC-A172E50D00F0}"
EndProject
Project("{FAE04EC0-301F-11D3-BF4B-00C04F79EFBC}") = "Tyuiu.BrukhovAA.Sprint6.Task3.V2", "Tyuiu.BrukhovAA.Sprint6.Task3.V2\Tyuiu.BrukhovAA.Sprint6.Task3.V2.csproj", "{C5054125-AD51-4BF0-8C61-D612C8FD8270}"
EndProject
Project("{FAE04EC0-301F-11D3-BF4B-00C04F79EFBC}") = "Tyuiu.BrukhovAA.Sprint6.Task3.V2.Lib", "Tyuiu.BrukhovAA.Sprint6.Task3.V2.Lib\Tyuiu.BrukhovAA.Sprint6.Task3.V2.Lib.csproj", "{911ECFED-701B-40DE-B54D-4DCDBEAFC749}"
EndProject
Project("{FAE04EC0-301F-11D3-BF4B-00C04F79EFBC}") = "Tyuiu.BrukhovAA.Sprint6.Task3.V2.Test", "Tyuiu.BrukhovAA.Sprint6.Task3.V2.Test\Tyuiu.BrukhovAA.Sprint6.Task3.V2.Test.csproj", "{C8B8D99F-BCAA-4907-9779-F337CC866A19}"
EndProject
Project("{2150E333-8FDC-42A3-9474-1A3956D46DE8}") = "Task4", "Task4", "{0D525945-27B8-4343-A6D0-AB98A1EBD295}"
EndProject
Project("{FAE04EC0-301F-11D3-BF4B-00C04F79EFBC}") = "Tyuiu.BrukhovAA.Sprint6.Task4.V7", "Tyuiu.BrukhovAA.Sprint6.Task4.V7\Tyuiu.BrukhovAA.Sprint6.Task4.V7.csproj", "{E87DCB15-BC91-424E-A32A-DF063BD9A53B}"
EndProject
Project("{FAE04EC0-301F-11D3-BF4B-00C04F79EFBC}") = "Tyuiu.BrukhovAA.Sprint6.Task4.V7.Lib", "Tyuiu.BrukhovAA.Sprint6.Task4.V7.Lib\Tyuiu.BrukhovAA.Sprint6.Task4.V7.Lib.csproj", "{7DD4D91B-EC5F-4063-9DB5-B99B56499253}"
EndProject
Project("{FAE04EC0-301F-11D3-BF4B-00C04F79EFBC}") = "Tyuiu.BrukhovAA.Sprint6.Task4.V7.Test", "Tyuiu.BrukhovAA.Sprint6.Task4.V7.Test\Tyuiu.BrukhovAA.Sprint6.Task4.V7.Test.csproj", "{036074E5-B706-48CF-8F40-D1CC5459989D}"
EndProject
Global
	GlobalSection(SolutionConfigurationPlatforms) = preSolution
		Debug|Any CPU = Debug|Any CPU
		Release|Any CPU = Release|Any CPU
	EndGlobalSection
	GlobalSection(ProjectConfigurationPlatforms) = postSolution
		{85667FBF-415C-4119-9576-DC7D2672E06B}.Debug|Any CPU.ActiveCfg = Debug|Any CPU
		{85667FBF-415C-4119-9576-DC7D2672E06B}.Debug|Any CPU.Build.0 = Debug|Any CPU
		{85667FBF-415C-4119-9576-DC7D2672E06B}.Release|Any CPU.ActiveCfg = Release|Any CPU
		{85667FBF-415C-4119-9576-DC7D2672E06B}.Release|Any CPU.Build.0 = Release|Any CPU
		{53B0697C-E163-42A2-A035-9BA7FACE58C0}.Debug|Any CPU.ActiveCfg = Debug|Any CPU
		{53B0697C-E163-42A2-A035-9BA7FACE58C0}.Debug|Any CPU.Build.0 = Debug|Any CPU
		{53B0697C-E163-42A2-A035-9BA7FACE58C0}.Release|Any CPU.ActiveCfg = Release|Any CPU
		{53B0697C-E163-42A2-A035-9BA7FACE58C0}.Release|Any CPU.Build.0 = Release|Any CPU
		{910AAFD9-6BAE-47A6-BA38-C7C551FDA2DB}.Debug|Any CPU.ActiveCfg = Debug|Any CPU
		{910AAFD9-6BAE-47A6-BA38-C7C551FDA2DB}.Debug|Any CPU.Build.0 = Debug|Any CPU
		{910AAFD9-6BAE-47A6-BA38-C7C551FDA2DB}.Release|Any CPU.ActiveCfg = Release|Any CPU
		{910AAFD9-6BAE-47A6-BA38-C7C551FDA2DB}.Release|Any CPU.Build.0 = Release|Any CPU
		{E276F20E-5B97-4E55-96D5-F8DF816F5C4A}.Debug|Any CPU.ActiveCfg = Debug|Any CPU
		{E276F20E-5B97-4E55-96D5-F8DF816F5C4A}.Debug|Any CPU.Build.0 = Debug|Any CPU
		{E276F20E-5B97-4E55-96D5-F8DF816F5C4A}.Release|Any CPU.ActiveCfg = Release|Any CPU
		{E276F20E-5B97-4E55-96D5-F8DF816F5C4A}.Release|Any CPU.Build.0 = Release|Any CPU
		{440D93D7-06B5-4AE2-A2C0-B3DEC008D8C3}.Debug|Any CPU.ActiveCfg = Debug|Any CPU
		{440D93D7-06B5-4AE2-A2C0-B3DEC008D8C3}.Debug|Any CPU.Build.0 = Debug|Any CPU
		{440D93D7-06B5-4AE2-A2C0-B3DEC008D8C3}.Release|Any CPU.ActiveCfg = Release|Any CPU
		{440D93D7-06B5-4AE2-A2C0-B3DEC008D8C3}.Release|Any CPU.Build.0 = Release|Any CPU
		{412A3D7D-B49D-474D-B439-121ABBCCC5A1}.Debug|Any CPU.ActiveCfg = Debug|Any CPU
		{412A3D7D-B49D-474D-B439-121ABBCCC5A1}.Debug|Any CPU.Build.0 = Debug|Any CPU
		{412A3D7D-B49D-474D-B439-121ABBCCC5A1}.Release|Any CPU.ActiveCfg = Release|Any CPU
		{412A3D7D-B49D-474D-B439-121ABBCCC5A1}.Release|Any CPU.Build.0 = Release|Any CPU
		{908F26C6-39A9-4BFC-A76C-E04BE9CC5DD3}.Debug|Any CPU.ActiveCfg = Debug|Any CPU
		{908F26C6-39A9-4BFC-A76C-E04BE9CC5DD3}.Debug|Any CPU.Build.0 = Debug|Any CPU
		{908F26C6-39A9-4BFC-A76C-E04BE9CC5DD3}.Release|Any CPU.ActiveCfg = Release|Any CPU
		{908F26C6-39A9-4BFC-A76C-E04BE9CC5DD3}.Release|Any CPU.Build.0 = Release|Any CPU
		{F5A120CF-954C-494C-B074-3F73AAA90F39}.Debug|Any CPU.ActiveCfg = Debug|Any CPU
		{F5A120CF-954C-494C-B074-3F73AAA90F39}.Debug|Any CPU.Build.0 = Debug|Any CPU
		{F5A120CF-954C-494C-B074-3F73AAA90F39}.Release|Any CPU.ActiveCfg = Release|Any CPU
		{F5A120CF-954C-494C-B074-3F73AAA90F39}.Release|Any CPU.Build.0 = Release|Any CPU
		{154272E2-B6D9-4673-AC82-EEB69B8DC280}.Debug|Any CPU.ActiveCfg = Debug|Any CPU
		{154272E2-B6D9-4673-AC82-EEB69B8DC280}.Debug|Any CPU.Build.0 = Debug|Any CPU
		{154272E2-B6D9-4673-AC82-EEB69B8DC280}.Release|Any CPU.ActiveCfg = Release|Any CPU
		{154272E2-B6D9-4673-AC82-EEB69B8DC280}.Release|Any CPU.Build.0 = Release|Any CPU
		{C5054125-AD51-4BF0-8C61-D612C8FD8270}.Debug|Any CPU.ActiveCfg = Debug|Any CPU
		{C5054125-AD51-4BF0-8C61-D612C8FD8270}.Debug|Any CPU.Build.0 = Debug|Any CPU
		{C5054125-AD51-4BF0-8C61-D612C8FD8270}.Release|Any CPU.ActiveCfg = Release|Any CPU
		{C5054125-AD51-4BF0-8C61-D612C8FD8270}.Release|Any CPU.Build.0 = Release|Any CPU
		{911ECFED-701B-40DE-B54D-4DCDBEAFC749}.Debug|Any CPU.ActiveCfg = Debug|Any CPU
		{911ECFED-701B-40DE-B54D-4DCDBEAFC749}.Debug|Any CPU.Build.0 = Debug|Any CPU
		{911ECFED-701B-40DE-B54D-4DCDBEAFC749}.Release|Any CPU.ActiveCfg = Release|Any CPU
		{911ECFED-701B-40DE-B54D-4DCDBEAFC749}.Release|Any CPU.Build.0 = Release|Any CPU
		{C8B8D99F-BCAA-4907-9779-F337CC866A19}.Debug|Any CPU.ActiveCfg = Debug|Any CPU
		{C8B8D99F-BCAA-4907-9779-F337CC866A19}.Debug|Any CPU.Build.0 = Debug|Any CPU
		{C8B8D99F-BCAA-4907-9779-F337CC866A19}.Release|Any CPU.ActiveCfg = Release|Any CPU
		{C8B8D99F-BCAA-4907-9779-F337CC866A19}.Release|Any CPU.Build.0 = Release|Any CPU
		{E87DCB15-BC91-424E-A32A-DF063BD9A53B}.Debug|Any CPU.ActiveCfg = Debug|Any CPU
		{E87DCB15-BC91-424E-A32A-DF063BD9A53B}.Debug|Any CPU.Build.0 = Debug|Any CPU
		{E87DCB15-BC91-424E-A32A-DF063BD9A53B}.Release|Any CPU.ActiveCfg = Release|Any CPU
		{E87DCB15-BC91-424E-A32A-DF063BD9A53B}.Release|Any CPU.Build.0 = Release|Any CPU
		{7DD4D91B-EC5F-4063-9DB5-B99B56499253}.Debug|Any CPU.ActiveCfg = Debug|Any CPU
		{7DD4D91B-EC5F-4063-9DB5-B99B56499253}.Debug|Any CPU.Build.0 = Debug|Any CPU
		{7DD4D91B-EC5F-4063-9DB5-B99B56499253}.Release|Any CPU.ActiveCfg = Release|Any CPU
		{7DD4D91B-EC5F-4063-9DB5-B99B56499253}.Release|Any CPU.Build.0 = Release|Any CPU
		{036074E5-B706-48CF-8F40-D1CC5459989D}.Debug|Any CPU.ActiveCfg = Debug|Any CPU
		{036074E5-B706-48CF-8F40-D1CC5459989D}.Debug|Any CPU.Build.0 = Debug|Any CPU
		{036074E5-B706-48CF-8F40-D1CC5459989D}.Release|Any CPU.ActiveCfg = Release|Any CPU
		{036074E5-B706-48CF-8F40-D1CC5459989D}.Release|Any CPU.Build.0 = Release|Any CPU
	EndGlobalSection
	GlobalSection(SolutionProperties) = preSolution
		HideSolutionNode = FALSE
	EndGlobalSection
	GlobalSection(NestedProjects) = preSolution
		{85667FBF-415C-4119-9576-DC7D2672E06B} = {028729BF-50AA-4472-8692-58AFC1035F0C}
		{53B0697C-E163-42A2-A035-9BA7FACE58C0} = {028729BF-50AA-4472-8692-58AFC1035F0C}
		{910AAFD9-6BAE-47A6-BA38-C7C551FDA2DB} = {028729BF-50AA-4472-8692-58AFC1035F0C}
		{E276F20E-5B97-4E55-96D5-F8DF816F5C4A} = {0192A671-E349-4208-B4C7-134800FD8FD2}
		{440D93D7-06B5-4AE2-A2C0-B3DEC008D8C3} = {0192A671-E349-4208-B4C7-134800FD8FD2}
		{412A3D7D-B49D-474D-B439-121ABBCCC5A1} = {0192A671-E349-4208-B4C7-134800FD8FD2}
		{908F26C6-39A9-4BFC-A76C-E04BE9CC5DD3} = {84D3BE7E-E103-447E-8B13-95A5D8C54110}
		{F5A120CF-954C-494C-B074-3F73AAA90F39} = {84D3BE7E-E103-447E-8B13-95A5D8C54110}
		{154272E2-B6D9-4673-AC82-EEB69B8DC280} = {84D3BE7E-E103-447E-8B13-95A5D8C54110}
		{C5054125-AD51-4BF0-8C61-D612C8FD8270} = {AA496510-ABD1-400D-80DC-A172E50D00F0}
		{911ECFED-701B-40DE-B54D-4DCDBEAFC749} = {AA496510-ABD1-400D-80DC-A172E50D00F0}
		{C8B8D99F-BCAA-4907-9779-F337CC866A19} = {AA496510-ABD1-400D-80DC-A172E50D00F0}
		{E87DCB15-BC91-424E-A32A-DF063BD9A53B} = {0D525945-27B8-4343-A6D0-AB98A1EBD295}
		{7DD4D91B-EC5F-4063-9DB5-B99B56499253} = {0D525945-27B8-4343-A6D0-AB98A1EBD295}
		{036074E5-B706-48CF-8F40-D1CC5459989D} = {0D525945-27B8-4343-A6D0-AB98A1EBD295}
	EndGlobalSection
	GlobalSection(ExtensibilityGlobals) = postSolution
		SolutionGuid = {BE9AB727-8D07-447A-AAD4-32863E476099}
	EndGlobalSection
EndGlobal
